
Microsoft Visual Studio Solution File, Format Version 12.00
# Visual Studio Version 16
VisualStudioVersion = 16.0.30413.136
MinimumVisualStudioVersion = 10.0.40219.1
Project("{FAE04EC0-301F-11D3-BF4B-00C04F79EFBC}") = "LanguageBasics", "LanguageBasics\LanguageBasics.csproj", "{C7CB2ABD-725E-4616-8179-EDAC5F9832AB}"
EndProject
Global
	GlobalSection(SolutionConfigurationPlatforms) = preSolution
		Debug|Any CPU = Debug|Any CPU
		Release|Any CPU = Release|Any CPU
	EndGlobalSection
	GlobalSection(ProjectConfigurationPlatforms) = postSolution
		{C7CB2ABD-725E-4616-8179-EDAC5F9832AB}.Debug|Any CPU.ActiveCfg = Debug|Any CPU
		{C7CB2ABD-725E-4616-8179-EDAC5F9832AB}.Debug|Any CPU.Build.0 = Debug|Any CPU
		{C7CB2ABD-725E-4616-8179-EDAC5F9832AB}.Release|Any CPU.ActiveCfg = Release|Any CPU
		{C7CB2ABD-725E-4616-8179-EDAC5F9832AB}.Release|Any CPU.Build.0 = Release|Any CPU
	EndGlobalSection
	GlobalSection(SolutionProperties) = preSolution
		HideSolutionNode = FALSE
	EndGlobalSection
	GlobalSection(ExtensibilityGlobals) = postSolution
		SolutionGuid = {A432648B-C384-4724-A7BD-799BB6BEA747}
	EndGlobalSection
EndGlobal
